
Microsoft Visual Studio Solution File, Format Version 12.00
# Visual Studio 15
VisualStudioVersion = 15.0.27703.2042
MinimumVisualStudioVersion = 10.0.40219.1
Project("{FAE04EC0-301F-11D3-BF4B-00C04F79EFBC}") = "EfCore.Domain", "EfCore.Domain\EfCore.Domain.csproj", "{571484B0-846B-47B4-84E1-311AA714251E}"
EndProject
Project("{FAE04EC0-301F-11D3-BF4B-00C04F79EFBC}") = "EfCore.Data", "EfCore.Data\EfCore.Data.csproj", "{55DEA647-B19E-4D04-974D-CB04B94C3D24}"
EndProject
Project("{FAE04EC0-301F-11D3-BF4B-00C04F79EFBC}") = "EfCore.Tests", "EfCore.Tests\EfCore.Tests.csproj", "{24C464BC-EFCD-47FE-B33A-C0BA42958363}"
EndProject
Global
	GlobalSection(SolutionConfigurationPlatforms) = preSolution
		Debug|Any CPU = Debug|Any CPU
		Release|Any CPU = Release|Any CPU
	EndGlobalSection
	GlobalSection(ProjectConfigurationPlatforms) = postSolution
		{571484B0-846B-47B4-84E1-311AA714251E}.Debug|Any CPU.ActiveCfg = Debug|Any CPU
		{571484B0-846B-47B4-84E1-311AA714251E}.Debug|Any CPU.Build.0 = Debug|Any CPU
		{571484B0-846B-47B4-84E1-311AA714251E}.Release|Any CPU.ActiveCfg = Release|Any CPU
		{571484B0-846B-47B4-84E1-311AA714251E}.Release|Any CPU.Build.0 = Release|Any CPU
		{55DEA647-B19E-4D04-974D-CB04B94C3D24}.Debug|Any CPU.ActiveCfg = Debug|Any CPU
		{55DEA647-B19E-4D04-974D-CB04B94C3D24}.Debug|Any CPU.Build.0 = Debug|Any CPU
		{55DEA647-B19E-4D04-974D-CB04B94C3D24}.Release|Any CPU.ActiveCfg = Release|Any CPU
		{55DEA647-B19E-4D04-974D-CB04B94C3D24}.Release|Any CPU.Build.0 = Release|Any CPU
		{24C464BC-EFCD-47FE-B33A-C0BA42958363}.Debug|Any CPU.ActiveCfg = Debug|Any CPU
		{24C464BC-EFCD-47FE-B33A-C0BA42958363}.Debug|Any CPU.Build.0 = Debug|Any CPU
		{24C464BC-EFCD-47FE-B33A-C0BA42958363}.Release|Any CPU.ActiveCfg = Release|Any CPU
		{24C464BC-EFCD-47FE-B33A-C0BA42958363}.Release|Any CPU.Build.0 = Release|Any CPU
	EndGlobalSection
	GlobalSection(SolutionProperties) = preSolution
		HideSolutionNode = FALSE
	EndGlobalSection
	GlobalSection(ExtensibilityGlobals) = postSolution
		SolutionGuid = {09FD21F7-1DF3-4726-822C-7E14E6426003}
	EndGlobalSection
EndGlobal
